Microsoft Visual Studio Solution File, Format Version 8.00
Project("{8BC9CEB8-8B4A-11D0-8D11-00A0C91BC942}") = "msvc7", "msvc7.vcproj", "{29890D48-9D67-4CE9-BF38-A3522D4ABDE4}"
	ProjectSection(ProjectDependencies) = postProject
	EndProjectSection
EndProject
Global
	GlobalSection(SolutionConfiguration) = preSolution
		Debug = Debug
		Release = Release
	EndGlobalSection
	GlobalSection(ProjectConfiguration) = postSolution
		{29890D48-9D67-4CE9-BF38-A3522D4ABDE4}.Debug.ActiveCfg = Debug|Win32
		{29890D48-9D67-4CE9-BF38-A3522D4ABDE4}.Debug.Build.0 = Debug|Win32
		{29890D48-9D67-4CE9-BF38-A3522D4ABDE4}.Release.ActiveCfg = Release|Win32
		{29890D48-9D67-4CE9-BF38-A3522D4ABDE4}.Release.Build.0 = Release|Win32
	EndGlobalSection
	GlobalSection(ExtensibilityGlobals) = postSolution
	EndGlobalSection
	GlobalSection(ExtensibilityAddIns) = postSolution
	EndGlobalSection
EndGlobal
