Microsoft Visual Studio Solution File, Format Version 8.00
Project("{8BC9CEB8-8B4A-11D0-8D11-00A0C91BC942}") = "msvc7", "msvc7.vcproj", "{BCD27298-337D-40E5-B5F6-89F82FCA4756}"
	ProjectSection(ProjectDependencies) = postProject
	EndProjectSection
EndProject
Global
	GlobalSection(SolutionConfiguration) = preSolution
		Debug = Debug
		Release = Release
	EndGlobalSection
	GlobalSection(ProjectConfiguration) = postSolution
		{BCD27298-337D-40E5-B5F6-89F82FCA4756}.Debug.ActiveCfg = Debug|Win32
		{BCD27298-337D-40E5-B5F6-89F82FCA4756}.Debug.Build.0 = Debug|Win32
		{BCD27298-337D-40E5-B5F6-89F82FCA4756}.Release.ActiveCfg = Release|Win32
		{BCD27298-337D-40E5-B5F6-89F82FCA4756}.Release.Build.0 = Release|Win32
	EndGlobalSection
	GlobalSection(ExtensibilityGlobals) = postSolution
	EndGlobalSection
	GlobalSection(ExtensibilityAddIns) = postSolution
	EndGlobalSection
EndGlobal
